
Microsoft Visual Studio Solution File, Format Version 12.00
# Visual Studio Version 17
VisualStudioVersion = 17.8.34408.163
MinimumVisualStudioVersion = 10.0.40219.1
Project("{FAE04EC0-301F-11D3-BF4B-00C04F79EFBC}") = "Do_An_Tuyen_Dung", "Do_An_Tuyen_Dung\Do_An_Tuyen_Dung.csproj", "{438393EB-F97A-4CAB-A7EE-C4EA3A4C0963}"
EndProject
Global
	GlobalSection(SolutionConfigurationPlatforms) = preSolution
		Debug|Any CPU = Debug|Any CPU
		Release|Any CPU = Release|Any CPU
	EndGlobalSection
	GlobalSection(ProjectConfigurationPlatforms) = postSolution
		{438393EB-F97A-4CAB-A7EE-C4EA3A4C0963}.Debug|Any CPU.ActiveCfg = Debug|Any CPU
		{438393EB-F97A-4CAB-A7EE-C4EA3A4C0963}.Debug|Any CPU.Build.0 = Debug|Any CPU
		{438393EB-F97A-4CAB-A7EE-C4EA3A4C0963}.Release|Any CPU.ActiveCfg = Release|Any CPU
		{438393EB-F97A-4CAB-A7EE-C4EA3A4C0963}.Release|Any CPU.Build.0 = Release|Any CPU
	EndGlobalSection
	GlobalSection(SolutionProperties) = preSolution
		HideSolutionNode = FALSE
	EndGlobalSection
	GlobalSection(ExtensibilityGlobals) = postSolution
		SolutionGuid = {A23F0EAB-2CC3-47DB-82CF-9F9C85D5A57F}
	EndGlobalSection
EndGlobal
